
Microsoft Visual Studio Solution File, Format Version 12.00
Project("{FAE04EC0-301F-11D3-BF4B-00C04F79EFBC}") = "ConfigValidatorRunner", "ConfigValidatorRunner\ConfigValidatorRunner.csproj", "{13FD0715-9894-4997-B5D2-36D3DA46E0F2}"
EndProject
Project("{2150E333-8FDC-42A3-9474-1A3956D46DE8}") = "ModulR.Extensions.FluentValidation", "ModulR.Extensions.FluentValidation", "{1034702C-205A-41EA-A8DD-A147F181CC86}"
EndProject
Project("{FAE04EC0-301F-11D3-BF4B-00C04F79EFBC}") = "ModulR.Extensions.FluentValidation", "ModulR\ModulR.Extensions\ModulR.Extensions.FluentValidation\ModulR.Extensions.FluentValidation\ModulR.Extensions.FluentValidation.csproj", "{23C77EAA-9384-400A-BD3D-9A0611FCD62D}"
EndProject
Project("{2150E333-8FDC-42A3-9474-1A3956D46DE8}") = "ModulR", "ModulR", "{87E53454-5148-49CC-A2FD-69A850D56960}"
EndProject
Project("{2150E333-8FDC-42A3-9474-1A3956D46DE8}") = "ModulR.ValueWrapper", "ModulR.ValueWrapper", "{15CED489-5434-4759-BE5D-7A54211AA98E}"
EndProject
Project("{FAE04EC0-301F-11D3-BF4B-00C04F79EFBC}") = "ModulR.ValueWrapper", "ModulR\ModulR.ValueWrapper\ModulR.ValueWrapper\ModulR.ValueWrapper.csproj", "{9172DF13-A07F-474C-9398-50B58B8EE16C}"
EndProject
Project("{2150E333-8FDC-42A3-9474-1A3956D46DE8}") = "ModulR.Extensions", "ModulR.Extensions", "{45776A20-6C03-49E2-B89D-09843946C128}"
EndProject
Project("{FAE04EC0-301F-11D3-BF4B-00C04F79EFBC}") = "ModulR.Extensions.Utils", "ModulR\ModulR.Extensions\ModulR.Extensions.Utils\ModulR.Extensions.Utils\ModulR.Extensions.Utils.csproj", "{1B7195AC-BF0D-4002-88BB-EC9F192B8035}"
EndProject
Project("{2150E333-8FDC-42A3-9474-1A3956D46DE8}") = "ModulR.Extensions.Utils", "ModulR.Extensions.Utils", "{017A15CF-6103-45C8-AD62-BA9A38DD7EC3}"
EndProject
Project("{2150E333-8FDC-42A3-9474-1A3956D46DE8}") = "ModulR.Validation", "ModulR.Validation", "{41AB8740-97A6-4329-9475-EFA0CA266234}"
EndProject
Project("{FAE04EC0-301F-11D3-BF4B-00C04F79EFBC}") = "ModulR.Validation.Abstraction", "ModulR\ModulR.Validation.Abstraction\ModulR.Validation.Abstraction\ModulR.Validation.Abstraction.csproj", "{4B4458BE-B97A-4AE1-99EF-97DCF9F3803C}"
EndProject
Project("{FAE04EC0-301F-11D3-BF4B-00C04F79EFBC}") = "ModulR.Validation", "ModulR\ModulR.Validation\ModulR.Validation\ModulR.Validation.csproj", "{6D30F249-6351-4054-BF66-FA81AED15BB9}"
EndProject
Project("{FAE04EC0-301F-11D3-BF4B-00C04F79EFBC}") = "ConfigValidator.Fluent", "ConfigValidator\ConfigValidator.Fluent\ConfigValidator.Fluent.csproj", "{1FE0F190-96E4-4D0B-87DB-2D47DAD8757D}"
EndProject
Project("{2150E333-8FDC-42A3-9474-1A3956D46DE8}") = "ConfigValidator", "ConfigValidator", "{AD2C52CD-2B87-455D-8C54-19013CA44A0A}"
EndProject
Project("{FAE04EC0-301F-11D3-BF4B-00C04F79EFBC}") = "ConfigValidator.Contracts", "ConfigValidator\ConfigValidator.Contracts\ConfigValidator.Contracts.csproj", "{C60EEA00-398F-4756-85B9-562A8C5496CE}"
EndProject
Project("{FAE04EC0-301F-11D3-BF4B-00C04F79EFBC}") = "ConfigValidator.Yaml", "ConfigValidator\ConfigValidator.Yaml\ConfigValidator.Yaml.csproj", "{4CB6C79B-4970-407D-982B-46C039BBA422}"
EndProject
Project("{FAE04EC0-301F-11D3-BF4B-00C04F79EFBC}") = "ConfigValidator.Presentation", "ConfigValidator\ConfigValidator.Presentation\ConfigValidator.Presentation.csproj", "{EC4FBD0C-FC2D-4D69-A4F0-5F559DC3E477}"
EndProject
Project("{2150E333-8FDC-42A3-9474-1A3956D46DE8}") = "ConfigValidator.Providers", "ConfigValidator.Providers", "{DF83798C-EF72-4DE9-95C6-DA693924439B}"
EndProject
Project("{FAE04EC0-301F-11D3-BF4B-00C04F79EFBC}") = "ConfigValidator.Providers.Azure", "ConfigValidator.Providers\ConfigValidator.Providers.Azure\ConfigValidator.Providers.Azure.csproj", "{0D5606A2-C244-4E34-8914-FFBCFE245C60}"
EndProject
Project("{FAE04EC0-301F-11D3-BF4B-00C04F79EFBC}") = "ConfigValidator.Console", "ConfigValidator\ConfigValidator.Console\ConfigValidator.Console.csproj", "{2F9E0032-EA7A-485F-80D3-F275791FEC50}"
EndProject
Global
	GlobalSection(SolutionConfigurationPlatforms) = preSolution
		Debug|Any CPU = Debug|Any CPU
		Release|Any CPU = Release|Any CPU
	EndGlobalSection
	GlobalSection(ProjectConfigurationPlatforms) = postSolution
		{13FD0715-9894-4997-B5D2-36D3DA46E0F2}.Debug|Any CPU.ActiveCfg = Debug|Any CPU
		{13FD0715-9894-4997-B5D2-36D3DA46E0F2}.Debug|Any CPU.Build.0 = Debug|Any CPU
		{13FD0715-9894-4997-B5D2-36D3DA46E0F2}.Release|Any CPU.ActiveCfg = Release|Any CPU
		{13FD0715-9894-4997-B5D2-36D3DA46E0F2}.Release|Any CPU.Build.0 = Release|Any CPU
		{23C77EAA-9384-400A-BD3D-9A0611FCD62D}.Debug|Any CPU.ActiveCfg = Debug|Any CPU
		{23C77EAA-9384-400A-BD3D-9A0611FCD62D}.Debug|Any CPU.Build.0 = Debug|Any CPU
		{23C77EAA-9384-400A-BD3D-9A0611FCD62D}.Release|Any CPU.ActiveCfg = Release|Any CPU
		{23C77EAA-9384-400A-BD3D-9A0611FCD62D}.Release|Any CPU.Build.0 = Release|Any CPU
		{9172DF13-A07F-474C-9398-50B58B8EE16C}.Debug|Any CPU.ActiveCfg = Debug|Any CPU
		{9172DF13-A07F-474C-9398-50B58B8EE16C}.Debug|Any CPU.Build.0 = Debug|Any CPU
		{9172DF13-A07F-474C-9398-50B58B8EE16C}.Release|Any CPU.ActiveCfg = Release|Any CPU
		{9172DF13-A07F-474C-9398-50B58B8EE16C}.Release|Any CPU.Build.0 = Release|Any CPU
		{1B7195AC-BF0D-4002-88BB-EC9F192B8035}.Debug|Any CPU.ActiveCfg = Debug|Any CPU
		{1B7195AC-BF0D-4002-88BB-EC9F192B8035}.Debug|Any CPU.Build.0 = Debug|Any CPU
		{1B7195AC-BF0D-4002-88BB-EC9F192B8035}.Release|Any CPU.ActiveCfg = Release|Any CPU
		{1B7195AC-BF0D-4002-88BB-EC9F192B8035}.Release|Any CPU.Build.0 = Release|Any CPU
		{4B4458BE-B97A-4AE1-99EF-97DCF9F3803C}.Debug|Any CPU.ActiveCfg = Debug|Any CPU
		{4B4458BE-B97A-4AE1-99EF-97DCF9F3803C}.Debug|Any CPU.Build.0 = Debug|Any CPU
		{4B4458BE-B97A-4AE1-99EF-97DCF9F3803C}.Release|Any CPU.ActiveCfg = Release|Any CPU
		{4B4458BE-B97A-4AE1-99EF-97DCF9F3803C}.Release|Any CPU.Build.0 = Release|Any CPU
		{6D30F249-6351-4054-BF66-FA81AED15BB9}.Debug|Any CPU.ActiveCfg = Debug|Any CPU
		{6D30F249-6351-4054-BF66-FA81AED15BB9}.Debug|Any CPU.Build.0 = Debug|Any CPU
		{6D30F249-6351-4054-BF66-FA81AED15BB9}.Release|Any CPU.ActiveCfg = Release|Any CPU
		{6D30F249-6351-4054-BF66-FA81AED15BB9}.Release|Any CPU.Build.0 = Release|Any CPU
		{1FE0F190-96E4-4D0B-87DB-2D47DAD8757D}.Debug|Any CPU.ActiveCfg = Debug|Any CPU
		{1FE0F190-96E4-4D0B-87DB-2D47DAD8757D}.Debug|Any CPU.Build.0 = Debug|Any CPU
		{1FE0F190-96E4-4D0B-87DB-2D47DAD8757D}.Release|Any CPU.ActiveCfg = Release|Any CPU
		{1FE0F190-96E4-4D0B-87DB-2D47DAD8757D}.Release|Any CPU.Build.0 = Release|Any CPU
		{C60EEA00-398F-4756-85B9-562A8C5496CE}.Debug|Any CPU.ActiveCfg = Debug|Any CPU
		{C60EEA00-398F-4756-85B9-562A8C5496CE}.Debug|Any CPU.Build.0 = Debug|Any CPU
		{C60EEA00-398F-4756-85B9-562A8C5496CE}.Release|Any CPU.ActiveCfg = Release|Any CPU
		{C60EEA00-398F-4756-85B9-562A8C5496CE}.Release|Any CPU.Build.0 = Release|Any CPU
		{4CB6C79B-4970-407D-982B-46C039BBA422}.Debug|Any CPU.ActiveCfg = Debug|Any CPU
		{4CB6C79B-4970-407D-982B-46C039BBA422}.Debug|Any CPU.Build.0 = Debug|Any CPU
		{4CB6C79B-4970-407D-982B-46C039BBA422}.Release|Any CPU.ActiveCfg = Release|Any CPU
		{4CB6C79B-4970-407D-982B-46C039BBA422}.Release|Any CPU.Build.0 = Release|Any CPU
		{EC4FBD0C-FC2D-4D69-A4F0-5F559DC3E477}.Debug|Any CPU.ActiveCfg = Debug|Any CPU
		{EC4FBD0C-FC2D-4D69-A4F0-5F559DC3E477}.Debug|Any CPU.Build.0 = Debug|Any CPU
		{EC4FBD0C-FC2D-4D69-A4F0-5F559DC3E477}.Release|Any CPU.ActiveCfg = Release|Any CPU
		{EC4FBD0C-FC2D-4D69-A4F0-5F559DC3E477}.Release|Any CPU.Build.0 = Release|Any CPU
		{0D5606A2-C244-4E34-8914-FFBCFE245C60}.Debug|Any CPU.ActiveCfg = Debug|Any CPU
		{0D5606A2-C244-4E34-8914-FFBCFE245C60}.Debug|Any CPU.Build.0 = Debug|Any CPU
		{0D5606A2-C244-4E34-8914-FFBCFE245C60}.Release|Any CPU.ActiveCfg = Release|Any CPU
		{0D5606A2-C244-4E34-8914-FFBCFE245C60}.Release|Any CPU.Build.0 = Release|Any CPU
		{2F9E0032-EA7A-485F-80D3-F275791FEC50}.Debug|Any CPU.ActiveCfg = Debug|Any CPU
		{2F9E0032-EA7A-485F-80D3-F275791FEC50}.Debug|Any CPU.Build.0 = Debug|Any CPU
		{2F9E0032-EA7A-485F-80D3-F275791FEC50}.Release|Any CPU.ActiveCfg = Release|Any CPU
		{2F9E0032-EA7A-485F-80D3-F275791FEC50}.Release|Any CPU.Build.0 = Release|Any CPU
	EndGlobalSection
	GlobalSection(NestedProjects) = preSolution
		{23C77EAA-9384-400A-BD3D-9A0611FCD62D} = {1034702C-205A-41EA-A8DD-A147F181CC86}
		{15CED489-5434-4759-BE5D-7A54211AA98E} = {87E53454-5148-49CC-A2FD-69A850D56960}
		{9172DF13-A07F-474C-9398-50B58B8EE16C} = {15CED489-5434-4759-BE5D-7A54211AA98E}
		{45776A20-6C03-49E2-B89D-09843946C128} = {87E53454-5148-49CC-A2FD-69A850D56960}
		{017A15CF-6103-45C8-AD62-BA9A38DD7EC3} = {45776A20-6C03-49E2-B89D-09843946C128}
		{1B7195AC-BF0D-4002-88BB-EC9F192B8035} = {017A15CF-6103-45C8-AD62-BA9A38DD7EC3}
		{1034702C-205A-41EA-A8DD-A147F181CC86} = {45776A20-6C03-49E2-B89D-09843946C128}
		{41AB8740-97A6-4329-9475-EFA0CA266234} = {87E53454-5148-49CC-A2FD-69A850D56960}
		{4B4458BE-B97A-4AE1-99EF-97DCF9F3803C} = {41AB8740-97A6-4329-9475-EFA0CA266234}
		{6D30F249-6351-4054-BF66-FA81AED15BB9} = {41AB8740-97A6-4329-9475-EFA0CA266234}
		{1FE0F190-96E4-4D0B-87DB-2D47DAD8757D} = {AD2C52CD-2B87-455D-8C54-19013CA44A0A}
		{C60EEA00-398F-4756-85B9-562A8C5496CE} = {AD2C52CD-2B87-455D-8C54-19013CA44A0A}
		{4CB6C79B-4970-407D-982B-46C039BBA422} = {AD2C52CD-2B87-455D-8C54-19013CA44A0A}
		{EC4FBD0C-FC2D-4D69-A4F0-5F559DC3E477} = {AD2C52CD-2B87-455D-8C54-19013CA44A0A}
		{0D5606A2-C244-4E34-8914-FFBCFE245C60} = {DF83798C-EF72-4DE9-95C6-DA693924439B}
		{2F9E0032-EA7A-485F-80D3-F275791FEC50} = {AD2C52CD-2B87-455D-8C54-19013CA44A0A}
	EndGlobalSection
EndGlobal
