
Microsoft Visual Studio Solution File, Format Version 12.00
Project("{FAE04EC0-301F-11D3-BF4B-00C04F79EFBC}") = "ConfigValidator.Fluent", "ConfigValidator\ConfigValidator.Fluent\ConfigValidator.Fluent.csproj", "{1FE0F190-96E4-4D0B-87DB-2D47DAD8757D}"
EndProject
Project("{2150E333-8FDC-42A3-9474-1A3956D46DE8}") = "ConfigValidator", "ConfigValidator", "{AD2C52CD-2B87-455D-8C54-19013CA44A0A}"
EndProject
Project("{FAE04EC0-301F-11D3-BF4B-00C04F79EFBC}") = "ConfigValidator.Contracts", "ConfigValidator\ConfigValidator.Contracts\ConfigValidator.Contracts.csproj", "{C60EEA00-398F-4756-85B9-562A8C5496CE}"
EndProject
Project("{FAE04EC0-301F-11D3-BF4B-00C04F79EFBC}") = "ConfigValidator.Yaml", "ConfigValidator\ConfigValidator.Yaml\ConfigValidator.Yaml.csproj", "{4CB6C79B-4970-407D-982B-46C039BBA422}"
EndProject
Project("{FAE04EC0-301F-11D3-BF4B-00C04F79EFBC}") = "ConfigValidator.Presentation", "ConfigValidator\ConfigValidator.Presentation\ConfigValidator.Presentation.csproj", "{EC4FBD0C-FC2D-4D69-A4F0-5F559DC3E477}"
EndProject
Project("{2150E333-8FDC-42A3-9474-1A3956D46DE8}") = "ConfigValidator.Providers", "ConfigValidator.Providers", "{DF83798C-EF72-4DE9-95C6-DA693924439B}"
EndProject
Project("{FAE04EC0-301F-11D3-BF4B-00C04F79EFBC}") = "ConfigValidator.Providers.Azure", "ConfigValidator.Providers\ConfigValidator.Providers.Azure\ConfigValidator.Providers.Azure.csproj", "{0D5606A2-C244-4E34-8914-FFBCFE245C60}"
EndProject
Project("{FAE04EC0-301F-11D3-BF4B-00C04F79EFBC}") = "ConfigValidator.Console", "ConfigValidator\ConfigValidator.Console\ConfigValidator.Console.csproj", "{2F9E0032-EA7A-485F-80D3-F275791FEC50}"
EndProject
Project("{FAE04EC0-301F-11D3-BF4B-00C04F79EFBC}") = "ConfigValidator.Cli", "ConfigValidator.Cli\ConfigValidator.Cli.csproj", "{F1B5F20E-A0B5-4A65-AEE6-B1F561293770}"
EndProject
Global
	GlobalSection(SolutionConfigurationPlatforms) = preSolution
		Debug|Any CPU = Debug|Any CPU
		Release|Any CPU = Release|Any CPU
	EndGlobalSection
	GlobalSection(ProjectConfigurationPlatforms) = postSolution
		{1FE0F190-96E4-4D0B-87DB-2D47DAD8757D}.Debug|Any CPU.ActiveCfg = Debug|Any CPU
		{1FE0F190-96E4-4D0B-87DB-2D47DAD8757D}.Debug|Any CPU.Build.0 = Debug|Any CPU
		{1FE0F190-96E4-4D0B-87DB-2D47DAD8757D}.Release|Any CPU.ActiveCfg = Release|Any CPU
		{1FE0F190-96E4-4D0B-87DB-2D47DAD8757D}.Release|Any CPU.Build.0 = Release|Any CPU
		{C60EEA00-398F-4756-85B9-562A8C5496CE}.Debug|Any CPU.ActiveCfg = Debug|Any CPU
		{C60EEA00-398F-4756-85B9-562A8C5496CE}.Debug|Any CPU.Build.0 = Debug|Any CPU
		{C60EEA00-398F-4756-85B9-562A8C5496CE}.Release|Any CPU.ActiveCfg = Release|Any CPU
		{C60EEA00-398F-4756-85B9-562A8C5496CE}.Release|Any CPU.Build.0 = Release|Any CPU
		{4CB6C79B-4970-407D-982B-46C039BBA422}.Debug|Any CPU.ActiveCfg = Debug|Any CPU
		{4CB6C79B-4970-407D-982B-46C039BBA422}.Debug|Any CPU.Build.0 = Debug|Any CPU
		{4CB6C79B-4970-407D-982B-46C039BBA422}.Release|Any CPU.ActiveCfg = Release|Any CPU
		{4CB6C79B-4970-407D-982B-46C039BBA422}.Release|Any CPU.Build.0 = Release|Any CPU
		{EC4FBD0C-FC2D-4D69-A4F0-5F559DC3E477}.Debug|Any CPU.ActiveCfg = Debug|Any CPU
		{EC4FBD0C-FC2D-4D69-A4F0-5F559DC3E477}.Debug|Any CPU.Build.0 = Debug|Any CPU
		{EC4FBD0C-FC2D-4D69-A4F0-5F559DC3E477}.Release|Any CPU.ActiveCfg = Release|Any CPU
		{EC4FBD0C-FC2D-4D69-A4F0-5F559DC3E477}.Release|Any CPU.Build.0 = Release|Any CPU
		{0D5606A2-C244-4E34-8914-FFBCFE245C60}.Debug|Any CPU.ActiveCfg = Debug|Any CPU
		{0D5606A2-C244-4E34-8914-FFBCFE245C60}.Debug|Any CPU.Build.0 = Debug|Any CPU
		{0D5606A2-C244-4E34-8914-FFBCFE245C60}.Release|Any CPU.ActiveCfg = Release|Any CPU
		{0D5606A2-C244-4E34-8914-FFBCFE245C60}.Release|Any CPU.Build.0 = Release|Any CPU
		{2F9E0032-EA7A-485F-80D3-F275791FEC50}.Debug|Any CPU.ActiveCfg = Debug|Any CPU
		{2F9E0032-EA7A-485F-80D3-F275791FEC50}.Debug|Any CPU.Build.0 = Debug|Any CPU
		{2F9E0032-EA7A-485F-80D3-F275791FEC50}.Release|Any CPU.ActiveCfg = Release|Any CPU
		{2F9E0032-EA7A-485F-80D3-F275791FEC50}.Release|Any CPU.Build.0 = Release|Any CPU
		{F1B5F20E-A0B5-4A65-AEE6-B1F561293770}.Debug|Any CPU.ActiveCfg = Debug|Any CPU
		{F1B5F20E-A0B5-4A65-AEE6-B1F561293770}.Debug|Any CPU.Build.0 = Debug|Any CPU
		{F1B5F20E-A0B5-4A65-AEE6-B1F561293770}.Release|Any CPU.ActiveCfg = Release|Any CPU
		{F1B5F20E-A0B5-4A65-AEE6-B1F561293770}.Release|Any CPU.Build.0 = Release|Any CPU
	EndGlobalSection
	GlobalSection(NestedProjects) = preSolution
		{1FE0F190-96E4-4D0B-87DB-2D47DAD8757D} = {AD2C52CD-2B87-455D-8C54-19013CA44A0A}
		{C60EEA00-398F-4756-85B9-562A8C5496CE} = {AD2C52CD-2B87-455D-8C54-19013CA44A0A}
		{4CB6C79B-4970-407D-982B-46C039BBA422} = {AD2C52CD-2B87-455D-8C54-19013CA44A0A}
		{EC4FBD0C-FC2D-4D69-A4F0-5F559DC3E477} = {AD2C52CD-2B87-455D-8C54-19013CA44A0A}
		{0D5606A2-C244-4E34-8914-FFBCFE245C60} = {DF83798C-EF72-4DE9-95C6-DA693924439B}
		{2F9E0032-EA7A-485F-80D3-F275791FEC50} = {AD2C52CD-2B87-455D-8C54-19013CA44A0A}
	EndGlobalSection
EndGlobal
